
Microsoft Visual Studio Solution File, Format Version 12.00
# Visual Studio 14
VisualStudioVersion = 14.0.25420.1
MinimumVisualStudioVersion = 10.0.40219.1
Project("{FAE04EC0-301F-11D3-BF4B-00C04F79EFBC}") = "SegmentadorImagem", "SegmentadorImagem\SegmentadorImagem.csproj", "{52DFE585-916D-4291-B775-BD3108E81C58}"
EndProject
Project("{FAE04EC0-301F-11D3-BF4B-00C04F79EFBC}") = "SegmentadorImagem.Controles", "Controles\SegmentadorImagem.Controles.csproj", "{BB219900-DF31-43CD-9473-793703B30BA3}"
EndProject
Project("{FAE04EC0-301F-11D3-BF4B-00C04F79EFBC}") = "SegmentadorImagem.Filtros", "SegmentadorImagem.Filtros\SegmentadorImagem.Filtros.csproj", "{14EC5A36-D74B-4E03-86B0-71A43A1FB1CB}"
EndProject
Global
	GlobalSection(SolutionConfigurationPlatforms) = preSolution
		Debug|Any CPU = Debug|Any CPU
		Release|Any CPU = Release|Any CPU
	EndGlobalSection
	GlobalSection(ProjectConfigurationPlatforms) = postSolution
		{52DFE585-916D-4291-B775-BD3108E81C58}.Debug|Any CPU.ActiveCfg = Debug|Any CPU
		{52DFE585-916D-4291-B775-BD3108E81C58}.Debug|Any CPU.Build.0 = Debug|Any CPU
		{52DFE585-916D-4291-B775-BD3108E81C58}.Release|Any CPU.ActiveCfg = Release|Any CPU
		{52DFE585-916D-4291-B775-BD3108E81C58}.Release|Any CPU.Build.0 = Release|Any CPU
		{BB219900-DF31-43CD-9473-793703B30BA3}.Debug|Any CPU.ActiveCfg = Debug|Any CPU
		{BB219900-DF31-43CD-9473-793703B30BA3}.Debug|Any CPU.Build.0 = Debug|Any CPU
		{BB219900-DF31-43CD-9473-793703B30BA3}.Release|Any CPU.ActiveCfg = Release|Any CPU
		{BB219900-DF31-43CD-9473-793703B30BA3}.Release|Any CPU.Build.0 = Release|Any CPU
		{14EC5A36-D74B-4E03-86B0-71A43A1FB1CB}.Debug|Any CPU.ActiveCfg = Debug|Any CPU
		{14EC5A36-D74B-4E03-86B0-71A43A1FB1CB}.Debug|Any CPU.Build.0 = Debug|Any CPU
		{14EC5A36-D74B-4E03-86B0-71A43A1FB1CB}.Release|Any CPU.ActiveCfg = Release|Any CPU
		{14EC5A36-D74B-4E03-86B0-71A43A1FB1CB}.Release|Any CPU.Build.0 = Release|Any CPU
	EndGlobalSection
	GlobalSection(SolutionProperties) = preSolution
		HideSolutionNode = FALSE
	EndGlobalSection
EndGlobal
